
Microsoft Visual Studio Solution File, Format Version 12.00
# Visual Studio Version 17
VisualStudioVersion = 17.0.32014.148
MinimumVisualStudioVersion = 10.0.40219.1
Project("{2150E333-8FDC-42A3-9474-1A3956D46DE8}") = "Src", "Src", "{1CF3E087-68E4-4D26-8980-6CF3A615EF2D}"
EndProject
Project("{2150E333-8FDC-42A3-9474-1A3956D46DE8}") = "Tests", "Tests", "{20D9F1FB-4355-47F2-8190-214996B1229B}"
EndProject
Project("{FAE04EC0-301F-11D3-BF4B-00C04F79EFBC}") = "StixNet", "Src\StixNet\StixNet.csproj", "{E9B5B814-C211-4CAD-B91A-B3E946AC6CA0}"
EndProject
Global
	GlobalSection(SolutionConfigurationPlatforms) = preSolution
		Debug|Any CPU = Debug|Any CPU
		Release|Any CPU = Release|Any CPU
	EndGlobalSection
	GlobalSection(ProjectConfigurationPlatforms) = postSolution
		{E9B5B814-C211-4CAD-B91A-B3E946AC6CA0}.Debug|Any CPU.ActiveCfg = Debug|Any CPU
		{E9B5B814-C211-4CAD-B91A-B3E946AC6CA0}.Debug|Any CPU.Build.0 = Debug|Any CPU
		{E9B5B814-C211-4CAD-B91A-B3E946AC6CA0}.Release|Any CPU.ActiveCfg = Release|Any CPU
		{E9B5B814-C211-4CAD-B91A-B3E946AC6CA0}.Release|Any CPU.Build.0 = Release|Any CPU
	EndGlobalSection
	GlobalSection(SolutionProperties) = preSolution
		HideSolutionNode = FALSE
	EndGlobalSection
	GlobalSection(NestedProjects) = preSolution
		{E9B5B814-C211-4CAD-B91A-B3E946AC6CA0} = {1CF3E087-68E4-4D26-8980-6CF3A615EF2D}
	EndGlobalSection
	GlobalSection(ExtensibilityGlobals) = postSolution
		SolutionGuid = {4D09DB6C-7E8D-418C-AA15-6AC8C09B65C8}
	EndGlobalSection
EndGlobal
